
Microsoft Visual Studio Solution File, Format Version 12.00
# Visual Studio Version 16
VisualStudioVersion = 16.0.31112.23
MinimumVisualStudioVersion = 10.0.40219.1
Project("{FAE04EC0-301F-11D3-BF4B-00C04F79EFBC}") = "Lesson29_Galimova_Petrov", "Lesson29_Galimova_Petrov.csproj", "{61F1416A-6230-43A1-9A99-4978C259B44D}"
EndProject
Global
	GlobalSection(SolutionConfigurationPlatforms) = preSolution
		Debug|Any CPU = Debug|Any CPU
		Release|Any CPU = Release|Any CPU
	EndGlobalSection
	GlobalSection(ProjectConfigurationPlatforms) = postSolution
		{61F1416A-6230-43A1-9A99-4978C259B44D}.Debug|Any CPU.ActiveCfg = Debug|Any CPU
		{61F1416A-6230-43A1-9A99-4978C259B44D}.Debug|Any CPU.Build.0 = Debug|Any CPU
		{61F1416A-6230-43A1-9A99-4978C259B44D}.Release|Any CPU.ActiveCfg = Release|Any CPU
		{61F1416A-6230-43A1-9A99-4978C259B44D}.Release|Any CPU.Build.0 = Release|Any CPU
	EndGlobalSection
	GlobalSection(SolutionProperties) = preSolution
		HideSolutionNode = FALSE
	EndGlobalSection
	GlobalSection(ExtensibilityGlobals) = postSolution
		SolutionGuid = {1CA86AE4-AD54-4F4A-B3B7-C76F004677AC}
	EndGlobalSection
EndGlobal
